# This file was autogenerated by Stack.
# You should not edit this file by hand.
# For more information, please see the documentation at:
#   https://docs.haskellstack.org/en/stable/lock_files

packages:
- completed:
    hackage: Yampa-0.13.1@sha256:4612a2646c27bcd3ac55c90dbc34249303e28aa5b3bc3e0c6fa9ce58b889843c,5436
    pantry-tree:
      size: 4039
      sha256: 2ebdfafc0143a66132e1f790fc3909c93654ee89fbe468574c5c2a36070dc6b3
  original:
    hackage: Yampa-0.13.1@sha256:4612a2646c27bcd3ac55c90dbc34249303e28aa5b3bc3e0c6fa9ce58b889843c,5436
- completed:
    hackage: http-client-0.7.8@sha256:ed76dcd7edec3aaebe012541ca0a52594405e9b21d69420d26c0223bc4d5dc82,5400
    pantry-tree:
      size: 2459
      sha256: 76613a317255d72133176fccb5f2da9228c36bccd9d587b8a2dd3e5a6491cd48
  original:
    hackage: http-client-0.7.8@sha256:ed76dcd7edec3aaebe012541ca0a52594405e9b21d69420d26c0223bc4d5dc82,5400
- completed:
    hackage: vivid-0.5.2.0@sha256:c3b8a9994c44fe347c1ed0b0d48cd0572e71e91b793c0e2e1887afa2bb01e595,8330
    pantry-tree:
      size: 3767
      sha256: dac5c08ce0d42214067b585df487b8b4df81dad1400382cdd257c6a6dce7c941
  original:
    hackage: vivid-0.5.2.0@sha256:c3b8a9994c44fe347c1ed0b0d48cd0572e71e91b793c0e2e1887afa2bb01e595,8330
- completed:
    hackage: vivid-osc-0.5.0.0@sha256:633e5c1c87633feaa26019442c3ae63946001c7afe2afa4d2cf22586bd4b182c,2786
    pantry-tree:
      size: 261
      sha256: 913a6edc636304ef5f3f92f0967b218a29fa611fdb2ba66c81a8c3b2694a3ef3
  original:
    hackage: vivid-osc-0.5.0.0@sha256:633e5c1c87633feaa26019442c3ae63946001c7afe2afa4d2cf22586bd4b182c,2786
- completed:
    hackage: vivid-supercollider-0.4.1.2@sha256:c7493f2a67b04589df8943e58a7445803e3365c6ad439603bf35695734b9bd65,1738
    pantry-tree:
      size: 441
      sha256: 10fc26fdd7213c555698cf6a377434f3623af1a2af208eb5c72070b5aec568ab
  original:
    hackage: vivid-supercollider-0.4.1.2@sha256:c7493f2a67b04589df8943e58a7445803e3365c6ad439603bf35695734b9bd65,1738
snapshots:
- completed:
    size: 533252
    url: https://raw.githubusercontent.com/commercialhaskell/stackage-snapshots/master/lts/16/27.yaml
    sha256: c2aaae52beeacf6a5727c1010f50e89d03869abfab6d2c2658ade9da8ed50c73
  original: lts-16.27
